{
  "name": "snek-key-js",
  "version": "1.0.0",
  "lockfileVersion": 1,
  "requires": true,
  "dependencies": {
    "0x81-utils": {
      "version": "1.2.1",
      "resolved": "https://registry.npmjs.org/0x81-utils/-/0x81-utils-1.2.1.tgz",
      "integrity": "sha512-UsJRrErQg1npnZr50hI44AlhbfIk5b4G43aNCCmfYtjfLKxe/yWYfjCyKKXXdSb3IL/xLlfMKl1+QeOzlcmfUg==",
      "requires": {
        "array_returns": "^1.0.0",
        "json-file-encrypt": "^2.1.2"
      }
    },
    "array_returns": {
      "version": "1.0.0",
      "resolved": "https://registry.npmjs.org/array_returns/-/array_returns-1.0.0.tgz",
      "integrity": "sha512-uCx4dS0B9ZamZYYwic/WSXGfAQNk5M1opsP+oIoIEQOEDl56y007pEdpW4M392eQlj5x7HQtq/TBS+yn/ybBrA=="
    },
    "core-js": {
      "version": "3.8.1",
      "resolved": "https://registry.npmjs.org/core-js/-/core-js-3.8.1.tgz",
      "integrity": "sha512-9Id2xHY1W7m8hCl8NkhQn5CufmF/WuR30BTRewvCXc1aZd3kMECwNZ69ndLbekKfakw9Rf2Xyc+QR6E7Gg+obg=="
    },
    "json-file-encrypt": {
      "version": "2.1.2",
      "resolved": "https://registry.npmjs.org/json-file-encrypt/-/json-file-encrypt-2.1.2.tgz",
      "integrity": "sha512-RNi79pGwztIZkB3Hux2+WSkAZVvz4ytcGXLYqrgn6xTNc3akx/sFupYqhIEQqz2OX4F8RGvaiUSXRA/B51FV9Q=="
    },
    "openrgb": {
      "version": "0.1.2",
      "resolved": "https://registry.npmjs.org/openrgb/-/openrgb-0.1.2.tgz",
      "integrity": "sha512-TlXsn/WVga050LeT7Af8xjA6sAUzDPYieq6R62yT4KaldmwjtoAJHjzAm8pPJoD7si5+g23Jw5oyFBQIZmwbCw==",
      "requires": {
        "promise-socket": "^6.0.3"
      }
    },
    "promise-duplex": {
      "version": "5.0.3",
      "resolved": "https://registry.npmjs.org/promise-duplex/-/promise-duplex-5.0.3.tgz",
      "integrity": "sha512-f/1gIgfEe5RUUHwA42B6oC8nhUpFheRC4Mc6gsAJGzpNdUyCwJ2rHMBKCorB4l//zmb8j2+TPUrr3le5Jqi+iA==",
      "requires": {
        "core-js": "^3.6.1",
        "promise-readable": "^5.0.4",
        "promise-writable": "^5.0.4"
      }
    },
    "promise-readable": {
      "version": "5.0.4",
      "resolved": "https://registry.npmjs.org/promise-readable/-/promise-readable-5.0.4.tgz",
      "integrity": "sha512-v1MqYyLQvopoi+FOVL+HErz4TB7lpaZf7H+pQo8vW6yAmJ1QZVDww7XTTwK+gqzQZylmhrlS3CaHQzLkKorZjA==",
      "requires": {
        "core-js": "^3.6.1"
      }
    },
    "promise-socket": {
      "version": "6.0.3",
      "resolved": "https://registry.npmjs.org/promise-socket/-/promise-socket-6.0.3.tgz",
      "integrity": "sha512-mCP9YcHwOh2bGmuHURSu2YnzSdOyWmMd3qKv6eSFLOY6iax+IDENou4cCtsEKIQwaj9gVlcOQVLCOB/yd4ELgg==",
      "requires": {
        "promise-duplex": "^5.0.3",
        "tslib": "^1.10.0"
      }
    },
    "promise-writable": {
      "version": "5.0.4",
      "resolved": "https://registry.npmjs.org/promise-writable/-/promise-writable-5.0.4.tgz",
      "integrity": "sha512-D8ar07P5Ntc1C9KhEOZplFdHn82BpiYn/FDc1S8PY2shrRqRcf27zq1GcMsfiP/cvEpatF6Vk3q1L+T7+5OoDw=="
    },
    "tslib": {
      "version": "1.14.1",
      "resolved": "https://registry.npmjs.org/tslib/-/tslib-1.14.1.tgz",
      "integrity": "sha512-Xni35NKzjgMrwevysHTCArtLDpPvye8zV/0E4EyYn43P7/7qvQwPh9BGkHewbMulVntbigmcT7rdX3BNo9wRJg=="
    }
  }
}
